
Microsoft Visual Studio Solution File, Format Version 12.00
# Visual Studio Version 17
VisualStudioVersion = 17.5.002.0
MinimumVisualStudioVersion = 10.0.40219.1
Project("{9A19103F-16F7-4668-BE54-9A1E7A4F7556}") = "AS LdP", "AS LdP.csproj", "{50D9C67E-8532-40FE-B953-47E418C06216}"
EndProject
Global
	GlobalSection(SolutionConfigurationPlatforms) = preSolution
		Debug|Any CPU = Debug|Any CPU
		Release|Any CPU = Release|Any CPU
	EndGlobalSection
	GlobalSection(ProjectConfigurationPlatforms) = postSolution
		{50D9C67E-8532-40FE-B953-47E418C06216}.Debug|Any CPU.ActiveCfg = Debug|Any CPU
		{50D9C67E-8532-40FE-B953-47E418C06216}.Debug|Any CPU.Build.0 = Debug|Any CPU
		{50D9C67E-8532-40FE-B953-47E418C06216}.Release|Any CPU.ActiveCfg = Release|Any CPU
		{50D9C67E-8532-40FE-B953-47E418C06216}.Release|Any CPU.Build.0 = Release|Any CPU
	EndGlobalSection
	GlobalSection(SolutionProperties) = preSolution
		HideSolutionNode = FALSE
	EndGlobalSection
	GlobalSection(ExtensibilityGlobals) = postSolution
		SolutionGuid = {01DC06EF-E790-4ACD-96CE-24657E213B2F}
	EndGlobalSection
EndGlobal
